
Microsoft Visual Studio Solution File, Format Version 12.00
# Visual Studio Version 16
VisualStudioVersion = 16.0.30907.101
MinimumVisualStudioVersion = 10.0.40219.1
Project("{FAE04EC0-301F-11D3-BF4B-00C04F79EFBC}") = "Lesson_1", "Lesson_1\Lesson_1.csproj", "{1F7B9F0D-6268-4A57-9111-1882F84174D2}"
EndProject
Global
	GlobalSection(SolutionConfigurationPlatforms) = preSolution
		Debug|Any CPU = Debug|Any CPU
		Release|Any CPU = Release|Any CPU
	EndGlobalSection
	GlobalSection(ProjectConfigurationPlatforms) = postSolution
		{1F7B9F0D-6268-4A57-9111-1882F84174D2}.Debug|Any CPU.ActiveCfg = Debug|Any CPU
		{1F7B9F0D-6268-4A57-9111-1882F84174D2}.Debug|Any CPU.Build.0 = Debug|Any CPU
		{1F7B9F0D-6268-4A57-9111-1882F84174D2}.Release|Any CPU.ActiveCfg = Release|Any CPU
		{1F7B9F0D-6268-4A57-9111-1882F84174D2}.Release|Any CPU.Build.0 = Release|Any CPU
	EndGlobalSection
	GlobalSection(SolutionProperties) = preSolution
		HideSolutionNode = FALSE
	EndGlobalSection
	GlobalSection(ExtensibilityGlobals) = postSolution
		SolutionGuid = {7F250F4F-E043-476A-ADD1-077341572B24}
	EndGlobalSection
EndGlobal
