
Microsoft Visual Studio Solution File, Format Version 12.00
# Visual Studio Version 16
VisualStudioVersion = 16.0.30907.101
MinimumVisualStudioVersion = 10.0.40219.1
Project("{FAE04EC0-301F-11D3-BF4B-00C04F79EFBC}") = "FullLessons", "FullLessons.csproj", "{F762722C-70F0-4328-B991-7948C9658F1F}"
EndProject
Global
	GlobalSection(SolutionConfigurationPlatforms) = preSolution
		Debug|Any CPU = Debug|Any CPU
		Release|Any CPU = Release|Any CPU
	EndGlobalSection
	GlobalSection(ProjectConfigurationPlatforms) = postSolution
		{F762722C-70F0-4328-B991-7948C9658F1F}.Debug|Any CPU.ActiveCfg = Debug|Any CPU
		{F762722C-70F0-4328-B991-7948C9658F1F}.Debug|Any CPU.Build.0 = Debug|Any CPU
		{F762722C-70F0-4328-B991-7948C9658F1F}.Release|Any CPU.ActiveCfg = Release|Any CPU
		{F762722C-70F0-4328-B991-7948C9658F1F}.Release|Any CPU.Build.0 = Release|Any CPU
	EndGlobalSection
	GlobalSection(SolutionProperties) = preSolution
		HideSolutionNode = FALSE
	EndGlobalSection
	GlobalSection(ExtensibilityGlobals) = postSolution
		SolutionGuid = {A7F3BADA-3F09-4FCA-980A-B3020AE9CDA5}
	EndGlobalSection
EndGlobal
